
Microsoft Visual Studio Solution File, Format Version 12.00
# Visual Studio 15
VisualStudioVersion = 15.0.28307.705
MinimumVisualStudioVersion = 10.0.40219.1
Project("{FAE04EC0-301F-11D3-BF4B-00C04F79EFBC}") = "ProChap25NestedPanels", "WpfApp1\ProChap25NestedPanels.csproj", "{134B94E8-31CC-46CA-AE1F-1C1A0FBF7C9B}"
EndProject
Global
	GlobalSection(SolutionConfigurationPlatforms) = preSolution
		Debug|Any CPU = Debug|Any CPU
		Release|Any CPU = Release|Any CPU
	EndGlobalSection
	GlobalSection(ProjectConfigurationPlatforms) = postSolution
		{134B94E8-31CC-46CA-AE1F-1C1A0FBF7C9B}.Debug|Any CPU.ActiveCfg = Debug|Any CPU
		{134B94E8-31CC-46CA-AE1F-1C1A0FBF7C9B}.Debug|Any CPU.Build.0 = Debug|Any CPU
		{134B94E8-31CC-46CA-AE1F-1C1A0FBF7C9B}.Release|Any CPU.ActiveCfg = Release|Any CPU
		{134B94E8-31CC-46CA-AE1F-1C1A0FBF7C9B}.Release|Any CPU.Build.0 = Release|Any CPU
	EndGlobalSection
	GlobalSection(SolutionProperties) = preSolution
		HideSolutionNode = FALSE
	EndGlobalSection
	GlobalSection(ExtensibilityGlobals) = postSolution
		SolutionGuid = {8B294AD5-455D-4556-94C0-342EEF14CE28}
	EndGlobalSection
EndGlobal
